github.com/google/go-cmp v0.6.0 h1:ofyhxvXcZhMsU5ulbFiLKl/XBFqE1GSq7atu8tAmTRI=
github.com/google/go-cmp v0.6.0/go.mod h1:17dUlkBOakJ0+DkrSSNjCkIjxS6bF9zb3elmeNGIjoY=
github.com/gorilla/websocket v1.4.1 h1:q7AeDBpnBk8AogcD4DSag/Ukw/KV+YhzLj2bP5HvKCM=
github.com/gorilla/websocket v1.4.1/go.mod h1:YR8l580nyteQvAITg2hZ9XVh4b55+EU/adAjf1fMHhE=
github.com/sourcegraph/jsonrpc2 v0.2.0 h1:KjN/dC4fP6aN9030MZCJs9WQbTOjWHhrtKVpzzSrr/U=
github.com/sourcegraph/jsonrpc2 v0.2.0/go.mod h1:ZafdZgk/axhT1cvZAPOhw+95nz2I/Ra5qMlU4gTRwIo=
