github.com/gorilla/websocket v1.4.1 h1:q7AeDBpnBk8AogcD4DSag/Ukw/KV+YhzLj2bP5HvKCM=
github.com/gorilla/websocket v1.4.1/go.mod h1:YR8l580nyteQvAITg2hZ9XVh4b55+EU/adAjf1fMHhE=
github.com/sourcegraph/jsonrpc2 v0.0.0-20191222043438-96c4efab7ee2 h1:5VGNYxMxzZ8Jb2bARgVl1DNg8vpcd9S8b4MbbjWQ8/w=
github.com/sourcegraph/jsonrpc2 v0.0.0-20191222043438-96c4efab7ee2/go.mod h1:ZafdZgk/axhT1cvZAPOhw+95nz2I/Ra5qMlU4gTRwIo=
